
Microsoft Visual Studio Solution File, Format Version 12.00
# Visual Studio 15
VisualStudioVersion = 15.0.27130.2027
MinimumVisualStudioVersion = 10.0.40219.1
Project("{FAE04EC0-301F-11D3-BF4B-00C04F79EFBC}") = "TestApp_HnSG", "TestApp_HnSG\TestApp_HnSG.csproj", "{2372DC5B-495C-4337-B822-AD5A6FB3BE7C}"
EndProject
Global
	GlobalSection(SolutionConfigurationPlatforms) = preSolution
		Debug|Any CPU = Debug|Any CPU
		Release|Any CPU = Release|Any CPU
	EndGlobalSection
	GlobalSection(ProjectConfigurationPlatforms) = postSolution
		{2372DC5B-495C-4337-B822-AD5A6FB3BE7C}.Debug|Any CPU.ActiveCfg = Debug|Any CPU
		{2372DC5B-495C-4337-B822-AD5A6FB3BE7C}.Debug|Any CPU.Build.0 = Debug|Any CPU
		{2372DC5B-495C-4337-B822-AD5A6FB3BE7C}.Release|Any CPU.ActiveCfg = Release|Any CPU
		{2372DC5B-495C-4337-B822-AD5A6FB3BE7C}.Release|Any CPU.Build.0 = Release|Any CPU
	EndGlobalSection
	GlobalSection(SolutionProperties) = preSolution
		HideSolutionNode = FALSE
	EndGlobalSection
	GlobalSection(ExtensibilityGlobals) = postSolution
		SolutionGuid = {BF9FE5CC-32EE-47E6-8580-A8EFA8DC5827}
	EndGlobalSection
EndGlobal
